github.com/clipperhouse/uax29/v2 v2.2.0 h1:ChwIKnQN3kcZteTXMgb1wztSgaU+ZemkgWdohwgs8tY=
github.com/clipperhouse/uax29/v2 v2.2.0/go.mod h1:EFJ2TJMRUaplDxHKj1qAEhCtQPW2tJSwu5BF98AuoVM=
github.com/mattn/go-runewidth v0.0.19 h1:v++JhqYnZuu5jSKrk9RbgF5v4CGUjqRfBm05byFGLdw=
github.com/mattn/go-runewidth v0.0.19/go.mod h1:XBkDxAl56ILZc9knddidhrOlY5R/pDhgLpndooCuJAs=
github.com/nsf/termbox-go v1.1.2 h1:7BOmx3jpW/N2YWQF6mF26j54eV7eUmNn5wzuddsJzWg=
github.com/nsf/termbox-go v1.1.2/go.mod h1:QzxBrv7y4i994ggoegReFLc3XFoDMD3uSlJyMqDgz1I=
github.com/nsf/tulib v1.0.1 h1:Jx2Fc4SJz1vantjuZWlB0GImmDLDP4RiSGNDqnVpfcI=
github.com/nsf/tulib v1.0.1/go.mod h1:wcnw+qlOse4RLUyslFGvP7O+kn0+xL2hlK/I1Z7pLmg=
golang.org/x/sys v0.31.0 h1:ioabZlmFYtWhL+TRYpcnNlLwhyxaM9kWTDEmfnprqik=
golang.org/x/sys v0.31.0/go.mod h1:BJP2sWEmIv4KK5OTEluFJCKSidICx8ciO85XgH3Ak8k=
